<?xml version="1.0" encoding="utf-8"?>
<Project ToolsVersion="4.0" xmlns="http://schemas.microsoft.com/developer/msbuild/2003">
  <ItemGroup>
    <Filter Include="Resource Files">
      <UniqueIdentifier>{67DA6AB6-F800-4c08-8B7A-83BB121AAD01}</UniqueIdentifier>
      <Extensions>rc;ico;cur;bmp;dlg;rc2;rct;bin;rgs;gif;jpg;jpeg;jpe;resx;tiff;tif;png;wav;mfcribbon-ms</Extensions>
    </Filter>
    <Filter Include="Code">
      <UniqueIdentifier>{4FC737F1-C7A5-4376-A066-2A32D752A2FF}</UniqueIdentifier>
      <Extensions>cpp;c;cc;cxx;def;odl;idl;hpj;bat;asm;asmx</Extensions>
    </Filter>
    <Filter Include="Code\Engine">
      <UniqueIdentifier>{449689b1-acf3-4293-83ba-5b8e813a4cab}</UniqueIdentifier>
    </Filter>
    <Filter Include="Code\Engine\Graphics">
      <UniqueIdentifier>{5c0bc52b-ff20-4508-a01c-25d1578bdd2f}</UniqueIdentifier>
    </Filter>
    <Filter Include="Code\Engine\Dialog">
      <UniqueIdentifier>{b4977681-ed10-4d44-93d4-0dbcd32dd0eb}</UniqueIdentifier>
    </Filter>
    <Filter Include="Code\Engine\Objects">
      <UniqueIdentifier>{793b0a57-6def-470c-87b5-fe9a15648cbd}</UniqueIdentifier>
    </Filter>
    <Filter Include="Code\Engine\Camera">
      <UniqueIdentifier>{035d5b8e-8475-4739-a607-eae106f2d537}</UniqueIdentifier>
    </Filter>
    <Filter Include="Code\Game">
      <UniqueIdentifier>{26e8d3b0-754b-4b50-9dc8-e3eb4b854a1b}</UniqueIdentifier>
    </Filter>
    <Filter Include="Code\Game\Objects">
      <UniqueIdentifier>{bac07d4a-f74f-4f64-a983-6181ff42ac00}</UniqueIdentifier>
    </Filter>
    <Filter Include="Code\Game\Objects\Player">
      <UniqueIdentifier>{5882526b-b982-4be8-b087-2a00cd9e0de2}</UniqueIdentifier>
    </Filter>
    <Filter Include="Code\Game\Objects\Player\States">
      <UniqueIdentifier>{6e752616-b6bb-4c6f-9ca0-4c3327b472c5}</UniqueIdentifier>
    </Filter>
    <Filter Include="Code\Game\Objects\Weapons">
      <UniqueIdentifier>{712f7b74-f0e5-4a69-89a0-47cae41b5b4f}</UniqueIdentifier>
    </Filter>
    <Filter Include="Code\Game\Game States">
      <UniqueIdentifier>{5a568844-eceb-438f-8fbf-c185328d8182}</UniqueIdentifier>
    </Filter>
    <Filter Include="Code\Game\Objects\NPCs">
      <UniqueIdentifier>{2bbec233-e4f3-4f12-bca5-de191a7232a9}</UniqueIdentifier>
    </Filter>
    <Filter Include="Code\Engine\Events">
      <UniqueIdentifier>{c87e8d71-6898-4fdd-bf0d-e4857f228d5c}</UniqueIdentifier>
    </Filter>
    <Filter Include="Code\Engine\Pathfinding">
      <UniqueIdentifier>{ec10b5fc-911a-4caa-817b-c253464f4e15}</UniqueIdentifier>
    </Filter>
    <Filter Include="Code\Game\Objects\NPCs\Enemy">
      <UniqueIdentifier>{b7c3fb7a-22b4-4c4d-ae86-db127d4d132c}</UniqueIdentifier>
    </Filter>
    <Filter Include="Code\Game\Objects\NPCs\Enemy\States">
      <UniqueIdentifier>{ce0c2c02-efa9-445b-ae1f-1e8359d8e4fb}</UniqueIdentifier>
    </Filter>
    <Filter Include="Code\Engine\Events\Event Types">
      <UniqueIdentifier>{08954bed-dc20-4a8e-be05-f2d5c7b85b16}</UniqueIdentifier>
    </Filter>
    <Filter Include="Code\Engine\Clock">
      <UniqueIdentifier>{2d37cd4b-c5b4-440c-b20c-1307ef8e4657}</UniqueIdentifier>
    </Filter>
    <Filter Include="Code\Engine\Vector">
      <UniqueIdentifier>{9f0dcafb-fadb-4149-9024-d42da536e79c}</UniqueIdentifier>
    </Filter>
    <Filter Include="Code\Game\Maps">
      <UniqueIdentifier>{33e90db6-7edf-47be-8196-c01c3d4c8ada}</UniqueIdentifier>
    </Filter>
    <Filter Include="Code\Game\Game States\PlayState SubStates">
      <UniqueIdentifier>{c21db3ba-6668-46de-bbca-b75a14c0a9a9}</UniqueIdentifier>
    </Filter>
  </ItemGroup>
  <ItemGroup>
    <ClCompile Include="AnimatedSprite.cpp">
      <Filter>Code\Engine\Graphics</Filter>
    </ClCompile>
    <ClCompile Include="Graphics.cpp">
      <Filter>Code\Engine\Graphics</Filter>
    </ClCompile>
    <ClCompile Include="Sprite.cpp">
      <Filter>Code\Engine\Graphics</Filter>
    </ClCompile>
    <ClCompile Include="PlayerCharacter.cpp">
      <Filter>Code\Game\Objects\Player</Filter>
    </ClCompile>
    <ClCompile Include="MeleeWeapon.cpp">
      <Filter>Code\Game\Objects\Weapons</Filter>
    </ClCompile>
    <ClCompile Include="State.cpp">
      <Filter>Code\Game\Objects\Player\States</Filter>
    </ClCompile>
    <ClCompile Include="IdleState.cpp">
      <Filter>Code\Game\Objects\Player\States</Filter>
    </ClCompile>
    <ClCompile Include="MovingState.cpp">
      <Filter>Code\Game\Objects\Player\States</Filter>
    </ClCompile>
    <ClCompile Include="MeleeAttackState.cpp">
      <Filter>Code\Game\Objects\Player\States</Filter>
    </ClCompile>
    <ClCompile Include="Light.cpp">
      <Filter>Code\Engine\Graphics</Filter>
    </ClCompile>
    <ClCompile Include="ShadowLayer.cpp">
      <Filter>Code\Engine\Graphics</Filter>
    </ClCompile>
    <ClCompile Include="DialogBox.cpp">
      <Filter>Code\Engine\Dialog</Filter>
    </ClCompile>
    <ClCompile Include="DialogImage.cpp">
      <Filter>Code\Engine\Dialog</Filter>
    </ClCompile>
    <ClCompile Include="Object.cpp">
      <Filter>Code\Engine\Objects</Filter>
    </ClCompile>
    <ClCompile Include="Camera.cpp">
      <Filter>Code\Engine\Camera</Filter>
    </ClCompile>
    <ClCompile Include="RectangleObject.cpp">
      <Filter>Code\Engine\Objects</Filter>
    </ClCompile>
    <ClCompile Include="CircleObject.cpp">
      <Filter>Code\Engine\Objects</Filter>
    </ClCompile>
    <ClCompile Include="Map.cpp">
      <Filter>Code\Game\Maps</Filter>
    </ClCompile>
    <ClCompile Include="Game.cpp">
      <Filter>Code\Game</Filter>
    </ClCompile>
    <ClCompile Include="Main.cpp">
      <Filter>Code\Game</Filter>
    </ClCompile>
    <ClCompile Include="GameState.cpp">
      <Filter>Code\Game\Game States</Filter>
    </ClCompile>
    <ClCompile Include="Pathfinding.cpp">
      <Filter>Code\Engine\Pathfinding</Filter>
    </ClCompile>
    <ClCompile Include="Enemy.cpp">
      <Filter>Code\Game\Objects\NPCs\Enemy</Filter>
    </ClCompile>
    <ClCompile Include="EnemyState.cpp">
      <Filter>Code\Game\Objects\NPCs\Enemy\States</Filter>
    </ClCompile>
    <ClCompile Include="ChaseEnemyState.cpp">
      <Filter>Code\Game\Objects\NPCs\Enemy\States</Filter>
    </ClCompile>
    <ClCompile Include="IdleEnemyState.cpp">
      <Filter>Code\Game\Objects\NPCs\Enemy\States</Filter>
    </ClCompile>
    <ClCompile Include="ChangeMapEvent.cpp">
      <Filter>Code\Engine\Events\Event Types</Filter>
    </ClCompile>
    <ClCompile Include="Event.cpp">
      <Filter>Code\Engine\Events\Event Types</Filter>
    </ClCompile>
    <ClCompile Include="Clock.cpp">
      <Filter>Code\Engine\Clock</Filter>
    </ClCompile>
    <ClCompile Include="Vector2D.cpp">
      <Filter>Code\Engine\Vector</Filter>
    </ClCompile>
    <ClCompile Include="EventStorage.cpp">
      <Filter>Code\Engine\Events</Filter>
    </ClCompile>
    <ClCompile Include="PlayState.cpp">
      <Filter>Code\Game\Game States</Filter>
    </ClCompile>
    <ClCompile Include="PlaySubState.cpp">
      <Filter>Code\Game\Game States\PlayState SubStates</Filter>
    </ClCompile>
    <ClCompile Include="RegularPlayState.cpp">
      <Filter>Code\Game\Game States\PlayState SubStates</Filter>
    </ClCompile>
    <ClCompile Include="CastMagicPlayState.cpp">
      <Filter>Code\Game\Game States\PlayState SubStates</Filter>
    </ClCompile>
  </ItemGroup>
  <ItemGroup>
    <ClInclude Include="Sprite.h">
      <Filter>Code\Engine\Graphics</Filter>
    </ClInclude>
    <ClInclude Include="Graphics.h">
      <Filter>Code\Engine\Graphics</Filter>
    </ClInclude>
    <ClInclude Include="AnimatedSprite.h">
      <Filter>Code\Engine\Graphics</Filter>
    </ClInclude>
    <ClInclude Include="PlayerCharacter.h">
      <Filter>Code\Game\Objects\Player</Filter>
    </ClInclude>
    <ClInclude Include="MeleeWeapon.h">
      <Filter>Code\Game\Objects\Weapons</Filter>
    </ClInclude>
    <ClInclude Include="State.h">
      <Filter>Code\Game\Objects\Player\States</Filter>
    </ClInclude>
    <ClInclude Include="IdleState.h">
      <Filter>Code\Game\Objects\Player\States</Filter>
    </ClInclude>
    <ClInclude Include="MovingState.h">
      <Filter>Code\Game\Objects\Player\States</Filter>
    </ClInclude>
    <ClInclude Include="MeleeAttackState.h">
      <Filter>Code\Game\Objects\Player\States</Filter>
    </ClInclude>
    <ClInclude Include="Light.h">
      <Filter>Code\Engine\Graphics</Filter>
    </ClInclude>
    <ClInclude Include="ShadowLayer.h">
      <Filter>Code\Engine\Graphics</Filter>
    </ClInclude>
    <ClInclude Include="PlayerConstants.h">
      <Filter>Code\Game\Objects</Filter>
    </ClInclude>
    <ClInclude Include="DialogBox.h">
      <Filter>Code\Engine\Dialog</Filter>
    </ClInclude>
    <ClInclude Include="DialogImage.h">
      <Filter>Code\Engine\Dialog</Filter>
    </ClInclude>
    <ClInclude Include="Object.h">
      <Filter>Code\Engine\Objects</Filter>
    </ClInclude>
    <ClInclude Include="Camera.h">
      <Filter>Code\Engine\Camera</Filter>
    </ClInclude>
    <ClInclude Include="MathConstants.h">
      <Filter>Code\Engine</Filter>
    </ClInclude>
    <ClInclude Include="RectangleObject.h">
      <Filter>Code\Engine\Objects</Filter>
    </ClInclude>
    <ClInclude Include="CircleObject.h">
      <Filter>Code\Engine\Objects</Filter>
    </ClInclude>
    <ClInclude Include="Map.h">
      <Filter>Code\Game\Maps</Filter>
    </ClInclude>
    <ClInclude Include="Game.h">
      <Filter>Code\Game</Filter>
    </ClInclude>
    <ClInclude Include="GameState.h">
      <Filter>Code\Game\Game States</Filter>
    </ClInclude>
    <ClInclude Include="Tile.h">
      <Filter>Code\Game\Maps</Filter>
    </ClInclude>
    <ClInclude Include="Pathfinding.h">
      <Filter>Code\Engine\Pathfinding</Filter>
    </ClInclude>
    <ClInclude Include="Enemy.h">
      <Filter>Code\Game\Objects\NPCs\Enemy</Filter>
    </ClInclude>
    <ClInclude Include="EnemyState.h">
      <Filter>Code\Game\Objects\NPCs\Enemy\States</Filter>
    </ClInclude>
    <ClInclude Include="ChaseEnemyState.h">
      <Filter>Code\Game\Objects\NPCs\Enemy\States</Filter>
    </ClInclude>
    <ClInclude Include="IdleEnemyState.h">
      <Filter>Code\Game\Objects\NPCs\Enemy\States</Filter>
    </ClInclude>
    <ClInclude Include="ChangeMapEvent.h">
      <Filter>Code\Engine\Events\Event Types</Filter>
    </ClInclude>
    <ClInclude Include="Event.h">
      <Filter>Code\Engine\Events\Event Types</Filter>
    </ClInclude>
    <ClInclude Include="Clock.h">
      <Filter>Code\Engine\Clock</Filter>
    </ClInclude>
    <ClInclude Include="Vector2D.h">
      <Filter>Code\Engine\Vector</Filter>
    </ClInclude>
    <ClInclude Include="EventStorage.h">
      <Filter>Code\Engine\Events</Filter>
    </ClInclude>
    <ClInclude Include="PlayState.h">
      <Filter>Code\Game\Game States</Filter>
    </ClInclude>
    <ClInclude Include="PlaySubState.h">
      <Filter>Code\Game\Game States\PlayState SubStates</Filter>
    </ClInclude>
    <ClInclude Include="RegularPlayState.h">
      <Filter>Code\Game\Game States\PlayState SubStates</Filter>
    </ClInclude>
    <ClInclude Include="CastMagicPlayState.h">
      <Filter>Code\Game\Game States\PlayState SubStates</Filter>
    </ClInclude>
  </ItemGroup>
  <ItemGroup>
    <None Include="packages.config" />
  </ItemGroup>
</Project>