<?xml version="1.0" encoding="utf-8"?>
<Project ToolsVersion="4.0" xmlns="http://schemas.microsoft.com/developer/msbuild/2003">
  <ItemGroup>
    <Filter Include="Resource Files">
      <UniqueIdentifier>{67DA6AB6-F800-4c08-8B7A-83BB121AAD01}</UniqueIdentifier>
      <Extensions>rc;ico;cur;bmp;dlg;rc2;rct;bin;rgs;gif;jpg;jpeg;jpe;resx;tiff;tif;png;wav;mfcribbon-ms</Extensions>
    </Filter>
    <Filter Include="Code">
      <UniqueIdentifier>{4FC737F1-C7A5-4376-A066-2A32D752A2FF}</UniqueIdentifier>
      <Extensions>cpp;c;cc;cxx;def;odl;idl;hpj;bat;asm;asmx</Extensions>
    </Filter>
    <Filter Include="Code\Objects">
      <UniqueIdentifier>{bac07d4a-f74f-4f64-a983-6181ff42ac00}</UniqueIdentifier>
    </Filter>
    <Filter Include="Code\Objects\Player">
      <UniqueIdentifier>{5882526b-b982-4be8-b087-2a00cd9e0de2}</UniqueIdentifier>
    </Filter>
    <Filter Include="Code\Objects\Player\States">
      <UniqueIdentifier>{6e752616-b6bb-4c6f-9ca0-4c3327b472c5}</UniqueIdentifier>
    </Filter>
    <Filter Include="Code\Objects\Weapons">
      <UniqueIdentifier>{712f7b74-f0e5-4a69-89a0-47cae41b5b4f}</UniqueIdentifier>
    </Filter>
    <Filter Include="Code\Engine">
      <UniqueIdentifier>{449689b1-acf3-4293-83ba-5b8e813a4cab}</UniqueIdentifier>
    </Filter>
    <Filter Include="Code\Engine\Graphics">
      <UniqueIdentifier>{5c0bc52b-ff20-4508-a01c-25d1578bdd2f}</UniqueIdentifier>
    </Filter>
    <Filter Include="Code\Engine\Dialog">
      <UniqueIdentifier>{b4977681-ed10-4d44-93d4-0dbcd32dd0eb}</UniqueIdentifier>
    </Filter>
    <Filter Include="Code\Engine\Objects">
      <UniqueIdentifier>{793b0a57-6def-470c-87b5-fe9a15648cbd}</UniqueIdentifier>
    </Filter>
    <Filter Include="Code\Engine\Camera">
      <UniqueIdentifier>{035d5b8e-8475-4739-a607-eae106f2d537}</UniqueIdentifier>
    </Filter>
  </ItemGroup>
  <ItemGroup>
    <ClCompile Include="Main.cpp">
      <Filter>Code</Filter>
    </ClCompile>
    <ClCompile Include="Game.cpp">
      <Filter>Code</Filter>
    </ClCompile>
    <ClCompile Include="AnimatedSprite.cpp">
      <Filter>Code\Engine\Graphics</Filter>
    </ClCompile>
    <ClCompile Include="Graphics.cpp">
      <Filter>Code\Engine\Graphics</Filter>
    </ClCompile>
    <ClCompile Include="Sprite.cpp">
      <Filter>Code\Engine\Graphics</Filter>
    </ClCompile>
    <ClCompile Include="PlayerCharacter.cpp">
      <Filter>Code\Objects\Player</Filter>
    </ClCompile>
    <ClCompile Include="MeleeWeapon.cpp">
      <Filter>Code\Objects\Weapons</Filter>
    </ClCompile>
    <ClCompile Include="State.cpp">
      <Filter>Code\Objects\Player\States</Filter>
    </ClCompile>
    <ClCompile Include="IdleState.cpp">
      <Filter>Code\Objects\Player\States</Filter>
    </ClCompile>
    <ClCompile Include="MovingState.cpp">
      <Filter>Code\Objects\Player\States</Filter>
    </ClCompile>
    <ClCompile Include="MeleeAttackState.cpp">
      <Filter>Code\Objects\Player\States</Filter>
    </ClCompile>
    <ClCompile Include="Light.cpp">
      <Filter>Code\Engine\Graphics</Filter>
    </ClCompile>
    <ClCompile Include="ShadowLayer.cpp">
      <Filter>Code\Engine\Graphics</Filter>
    </ClCompile>
    <ClCompile Include="Clock.cpp">
      <Filter>Code\Engine</Filter>
    </ClCompile>
    <ClCompile Include="Rectangle.cpp">
      <Filter>Code\Engine</Filter>
    </ClCompile>
    <ClCompile Include="Vector2D.cpp">
      <Filter>Code\Engine</Filter>
    </ClCompile>
    <ClCompile Include="DialogBox.cpp">
      <Filter>Code\Engine\Dialog</Filter>
    </ClCompile>
    <ClCompile Include="DialogImage.cpp">
      <Filter>Code\Engine\Dialog</Filter>
    </ClCompile>
    <ClCompile Include="Object.cpp">
      <Filter>Code\Engine\Objects</Filter>
    </ClCompile>
    <ClCompile Include="Camera.cpp">
      <Filter>Code\Engine\Camera</Filter>
    </ClCompile>
  </ItemGroup>
  <ItemGroup>
    <ClInclude Include="Sprite.h">
      <Filter>Code\Engine\Graphics</Filter>
    </ClInclude>
    <ClInclude Include="Graphics.h">
      <Filter>Code\Engine\Graphics</Filter>
    </ClInclude>
    <ClInclude Include="AnimatedSprite.h">
      <Filter>Code\Engine\Graphics</Filter>
    </ClInclude>
    <ClInclude Include="PlayerCharacter.h">
      <Filter>Code\Objects\Player</Filter>
    </ClInclude>
    <ClInclude Include="MeleeWeapon.h">
      <Filter>Code\Objects\Weapons</Filter>
    </ClInclude>
    <ClInclude Include="State.h">
      <Filter>Code\Objects\Player\States</Filter>
    </ClInclude>
    <ClInclude Include="IdleState.h">
      <Filter>Code\Objects\Player\States</Filter>
    </ClInclude>
    <ClInclude Include="MovingState.h">
      <Filter>Code\Objects\Player\States</Filter>
    </ClInclude>
    <ClInclude Include="MeleeAttackState.h">
      <Filter>Code\Objects\Player\States</Filter>
    </ClInclude>
    <ClInclude Include="Game.h">
      <Filter>Code</Filter>
    </ClInclude>
    <ClInclude Include="Light.h">
      <Filter>Code\Engine\Graphics</Filter>
    </ClInclude>
    <ClInclude Include="ShadowLayer.h">
      <Filter>Code\Engine\Graphics</Filter>
    </ClInclude>
    <ClInclude Include="Clock.h">
      <Filter>Code\Engine</Filter>
    </ClInclude>
    <ClInclude Include="Rectangle.h">
      <Filter>Code\Engine</Filter>
    </ClInclude>
    <ClInclude Include="Vector2D.h">
      <Filter>Code\Engine</Filter>
    </ClInclude>
    <ClInclude Include="PlayerConstants.h">
      <Filter>Code\Objects</Filter>
    </ClInclude>
    <ClInclude Include="DialogBox.h">
      <Filter>Code\Engine\Dialog</Filter>
    </ClInclude>
    <ClInclude Include="DialogImage.h">
      <Filter>Code\Engine\Dialog</Filter>
    </ClInclude>
    <ClInclude Include="Object.h">
      <Filter>Code\Engine\Objects</Filter>
    </ClInclude>
    <ClInclude Include="Camera.h">
      <Filter>Code\Engine\Camera</Filter>
    </ClInclude>
    <ClInclude Include="MathConstants.h">
      <Filter>Code\Engine</Filter>
    </ClInclude>
  </ItemGroup>
  <ItemGroup>
    <None Include="packages.config" />
  </ItemGroup>
</Project>